
Microsoft Visual Studio Solution File, Format Version 11.00
# Visual Studio 2010
Project("{FAE04EC0-301F-11D3-BF4B-00C04F79EFBC}") = "9Res", "9Res\9Res.csproj", "{15325642-BCA0-4EC0-80D3-8E5F5B819359}"
EndProject
Project("{FAE04EC0-301F-11D3-BF4B-00C04F79EFBC}") = "9Res.Tests", "9Res.Tests\9Res.Tests.csproj", "{70DA17F0-62B5-4CDE-BF3C-F85D3D069E80}"
EndProject
Global
	GlobalSection(SolutionConfigurationPlatforms) = preSolution
		Debug|Any CPU = Debug|Any CPU
		Release|Any CPU = Release|Any CPU
	EndGlobalSection
	GlobalSection(ProjectConfigurationPlatforms) = postSolution
		{15325642-BCA0-4EC0-80D3-8E5F5B819359}.Debug|Any CPU.ActiveCfg = Debug|Any CPU
		{15325642-BCA0-4EC0-80D3-8E5F5B819359}.Debug|Any CPU.Build.0 = Debug|Any CPU
		{15325642-BCA0-4EC0-80D3-8E5F5B819359}.Release|Any CPU.ActiveCfg = Release|Any CPU
		{15325642-BCA0-4EC0-80D3-8E5F5B819359}.Release|Any CPU.Build.0 = Release|Any CPU
		{70DA17F0-62B5-4CDE-BF3C-F85D3D069E80}.Debug|Any CPU.ActiveCfg = Debug|Any CPU
		{70DA17F0-62B5-4CDE-BF3C-F85D3D069E80}.Debug|Any CPU.Build.0 = Debug|Any CPU
		{70DA17F0-62B5-4CDE-BF3C-F85D3D069E80}.Release|Any CPU.ActiveCfg = Release|Any CPU
		{70DA17F0-62B5-4CDE-BF3C-F85D3D069E80}.Release|Any CPU.Build.0 = Release|Any CPU
	EndGlobalSection
	GlobalSection(SolutionProperties) = preSolution
		HideSolutionNode = FALSE
	EndGlobalSection
EndGlobal
